
Microsoft Visual Studio Solution File, Format Version 12.00
# Visual Studio Version 17
VisualStudioVersion = 17.0.31912.275
MinimumVisualStudioVersion = 10.0.40219.1
Project("{FAE04EC0-301F-11D3-BF4B-00C04F79EFBC}") = "Student_Registration(Training)", "Student_Registration(Training)\Student_Registration(Training).csproj", "{6712DB81-B85A-4A44-A4E0-C45B5BE1148F}"
EndProject
Global
	GlobalSection(SolutionConfigurationPlatforms) = preSolution
		Debug|Any CPU = Debug|Any CPU
		Release|Any CPU = Release|Any CPU
	EndGlobalSection
	GlobalSection(ProjectConfigurationPlatforms) = postSolution
		{6712DB81-B85A-4A44-A4E0-C45B5BE1148F}.Debug|Any CPU.ActiveCfg = Debug|Any CPU
		{6712DB81-B85A-4A44-A4E0-C45B5BE1148F}.Debug|Any CPU.Build.0 = Debug|Any CPU
		{6712DB81-B85A-4A44-A4E0-C45B5BE1148F}.Release|Any CPU.ActiveCfg = Release|Any CPU
		{6712DB81-B85A-4A44-A4E0-C45B5BE1148F}.Release|Any CPU.Build.0 = Release|Any CPU
	EndGlobalSection
	GlobalSection(SolutionProperties) = preSolution
		HideSolutionNode = FALSE
	EndGlobalSection
	GlobalSection(ExtensibilityGlobals) = postSolution
		SolutionGuid = {1F5AA728-6019-4E75-90BD-7B51701D6EE7}
	EndGlobalSection
EndGlobal
